
Microsoft Visual Studio Solution File, Format Version 12.00
# Visual Studio Version 17
VisualStudioVersion = 17.9.34723.18
MinimumVisualStudioVersion = 10.0.40219.1
Project("{FAE04EC0-301F-11D3-BF4B-00C04F79EFBC}") = "ChatServer.WebApi", "ChatServer.WebApi\ChatServer.WebApi.csproj", "{0539F804-3364-40A0-85CC-D57CB294FB74}"
EndProject
Global
	GlobalSection(SolutionConfigurationPlatforms) = preSolution
		Debug|Any CPU = Debug|Any CPU
		Release|Any CPU = Release|Any CPU
	EndGlobalSection
	GlobalSection(ProjectConfigurationPlatforms) = postSolution
		{0539F804-3364-40A0-85CC-D57CB294FB74}.Debug|Any CPU.ActiveCfg = Debug|Any CPU
		{0539F804-3364-40A0-85CC-D57CB294FB74}.Debug|Any CPU.Build.0 = Debug|Any CPU
		{0539F804-3364-40A0-85CC-D57CB294FB74}.Release|Any CPU.ActiveCfg = Release|Any CPU
		{0539F804-3364-40A0-85CC-D57CB294FB74}.Release|Any CPU.Build.0 = Release|Any CPU
	EndGlobalSection
	GlobalSection(SolutionProperties) = preSolution
		HideSolutionNode = FALSE
	EndGlobalSection
	GlobalSection(ExtensibilityGlobals) = postSolution
		SolutionGuid = {577EF647-D6CA-4755-B7A6-7D639BC19984}
	EndGlobalSection
EndGlobal
